// !$*UTF8*$!
{
	archiveVersion = 1;
	classes = {
	};
	objectVersion = 46;
	objects = {

/* Begin PBXBuildFile section */
		8021D63B1B54C049002ADF66 /* main.m in Sources */ = {isa = PBXBuildFile; fileRef = 8021D63A1B54C049002ADF66 /* main.m */; };
		8021D63E1B54C049002ADF66 /* AppDelegate.m in Sources */ = {isa = PBXBuildFile; fileRef = 8021D63D1B54C049002ADF66 /* AppDelegate.m */; };
		8021D6411B54C049002ADF66 /* LoginViewController.m in Sources */ = {isa = PBXBuildFile; fileRef = 8021D6401B54C049002ADF66 /* LoginViewController.m */; };
		8021D6441B54C049002ADF66 /* Main.storyboard in Resources */ = {isa = PBXBuildFile; fileRef = 8021D6421B54C049002ADF66 /* Main.storyboard */; };
		8021D6461B54C049002ADF66 /* Images.xcassets in Resources */ = {isa = PBXBuildFile; fileRef = 8021D6451B54C049002ADF66 /* Images.xcassets */; };
		8021D6491B54C049002ADF66 /* LaunchScreen.xib in Resources */ = {isa = PBXBuildFile; fileRef = 8021D6471B54C049002ADF66 /* LaunchScreen.xib */; };
		8021D6551B54C049002ADF66 /* ForgetMeNot_Location_Based_RemindersTests.m in Sources */ = {isa = PBXBuildFile; fileRef = 8021D6541B54C049002ADF66 /* ForgetMeNot_Location_Based_RemindersTests.m */; };
		8021D6601B54C145002ADF66 /* Bolts.framework in Frameworks */ = {isa = PBXBuildFile; fileRef = 8021D65F1B54C145002ADF66 /* Bolts.framework */; };
		8021D6621B54C14D002ADF66 /* Parse.framework in Frameworks */ = {isa = PBXBuildFile; fileRef = 8021D6611B54C14D002ADF66 /* Parse.framework */; };
		8021D6641B54C173002ADF66 /* Accounts.framework in Frameworks */ = {isa = PBXBuildFile; fileRef = 8021D6631B54C173002ADF66 /* Accounts.framework */; };
		8021D6661B54C17B002ADF66 /* AudioToolbox.framework in Frameworks */ = {isa = PBXBuildFile; fileRef = 8021D6651B54C17B002ADF66 /* AudioToolbox.framework */; };
		8021D6681B54C185002ADF66 /* CFNetwork.framework in Frameworks */ = {isa = PBXBuildFile; fileRef = 8021D6671B54C185002ADF66 /* CFNetwork.framework */; };
		8021D66A1B54C190002ADF66 /* CoreGraphics.framework in Frameworks */ = {isa = PBXBuildFile; fileRef = 8021D6691B54C190002ADF66 /* CoreGraphics.framework */; };
		8021D66C1B54C19A002ADF66 /* CoreLocation.framework in Frameworks */ = {isa = PBXBuildFile; fileRef = 8021D66B1B54C19A002ADF66 /* CoreLocation.framework */; };
		8021D66E1B54C1A4002ADF66 /* MobileCoreServices.framework in Frameworks */ = {isa = PBXBuildFile; fileRef = 8021D66D1B54C1A4002ADF66 /* MobileCoreServices.framework */; };
		8021D6701B54C1B0002ADF66 /* QuartzCore.framework in Frameworks */ = {isa = PBXBuildFile; fileRef = 8021D66F1B54C1B0002ADF66 /* QuartzCore.framework */; };
		8021D6721B54C1BA002ADF66 /* Security.framework in Frameworks */ = {isa = PBXBuildFile; fileRef = 8021D6711B54C1BA002ADF66 /* Security.framework */; };
		8021D6741B54C1C5002ADF66 /* Social.framework in Frameworks */ = {isa = PBXBuildFile; fileRef = 8021D6731B54C1C5002ADF66 /* Social.framework */; };
		8021D6761B54C1CC002ADF66 /* StoreKit.framework in Frameworks */ = {isa = PBXBuildFile; fileRef = 8021D6751B54C1CC002ADF66 /* StoreKit.framework */; };
		8021D6781B54C1D4002ADF66 /* SystemConfiguration.framework in Frameworks */ = {isa = PBXBuildFile; fileRef = 8021D6771B54C1D4002ADF66 /* SystemConfiguration.framework */; };
		8021D67A1B54C1E4002ADF66 /* libz.dylib in Frameworks */ = {isa = PBXBuildFile; fileRef = 8021D6791B54C1E4002ADF66 /* libz.dylib */; };
		8021D67C1B54C1F3002ADF66 /* libsqlite3.dylib in Frameworks */ = {isa = PBXBuildFile; fileRef = 8021D67B1B54C1F3002ADF66 /* libsqlite3.dylib */; };
		8021D68F1B55F9CC002ADF66 /* PageContentViewController.m in Sources */ = {isa = PBXBuildFile; fileRef = 8021D68E1B55F9CC002ADF66 /* PageContentViewController.m */; };
		8021D6921B55FB00002ADF66 /* ViewController.m in Sources */ = {isa = PBXBuildFile; fileRef = 8021D6911B55FB00002ADF66 /* ViewController.m */; };
		8021D69D1B561F1D002ADF66 /* SignUpViewController.m in Sources */ = {isa = PBXBuildFile; fileRef = 8021D69C1B561F1D002ADF66 /* SignUpViewController.m */; };
		804D7D161B6D2A6600438CDF /* fMNCustomPin.m in Sources */ = {isa = PBXBuildFile; fileRef = 804D7D141B6D2A6600438CDF /* fMNCustomPin.m */; };
		808401981B5F30310072B978 /* VerifyEmailViewController.m in Sources */ = {isa = PBXBuildFile; fileRef = 808401971B5F30310072B978 /* VerifyEmailViewController.m */; };
		8084019B1B5F34170072B978 /* CoreLocation.framework in Frameworks */ = {isa = PBXBuildFile; fileRef = 808401991B5F34170072B978 /* CoreLocation.framework */; };
		8084019C1B5F34170072B978 /* MapKit.framework in Frameworks */ = {isa = PBXBuildFile; fileRef = 8084019A1B5F34170072B978 /* MapKit.framework */; };
		808401A01B5F34C80072B978 /* MapViewController.m in Sources */ = {isa = PBXBuildFile; fileRef = 8084019F1B5F34C80072B978 /* MapViewController.m */; };
		808401A31B5F64BE0072B978 /* ResetPasswordViewController.m in Sources */ = {isa = PBXBuildFile; fileRef = 808401A21B5F64BE0072B978 /* ResetPasswordViewController.m */; };
		808401AA1B5F7C110072B978 /* CurrentRemindersTableViewController.m in Sources */ = {isa = PBXBuildFile; fileRef = 808401A91B5F7C110072B978 /* CurrentRemindersTableViewController.m */; };
		808401BC1B691BC90072B978 /* Reminder.m in Sources */ = {isa = PBXBuildFile; fileRef = 808401BB1B691BC90072B978 /* Reminder.m */; };
		808401BF1B691C470072B978 /* SetUserInRadiusReminderViewController.m in Sources */ = {isa = PBXBuildFile; fileRef = 808401BE1B691C470072B978 /* SetUserInRadiusReminderViewController.m */; };
		808401C21B6925A30072B978 /* SetUserOutsideRadiusReminderViewController.m in Sources */ = {isa = PBXBuildFile; fileRef = 808401C11B6925A30072B978 /* SetUserOutsideRadiusReminderViewController.m */; };
/* End PBXBuildFile section */

/* Begin PBXContainerItemProxy section */
		8021D64F1B54C049002ADF66 /* PBXContainerItemProxy */ = {
			isa = PBXContainerItemProxy;
			containerPortal = 8021D62D1B54C048002ADF66 /* Project object */;
			proxyType = 1;
			remoteGlobalIDString = 8021D6341B54C049002ADF66;
			remoteInfo = "ForgetMeNot-Location-Based-Reminders";
		};
/* End PBXContainerItemProxy section */

/* Begin PBXFileReference section */
		8021D6351B54C049002ADF66 /* ForgetMeNot-Location-Based-Reminders.app */ = {isa = PBXFileReference; explicitFileType = wrapper.application; includeInIndex = 0; path = "ForgetMeNot-Location-Based-Reminders.app"; sourceTree = BUILT_PRODUCTS_DIR; };
		8021D6391B54C049002ADF66 /* Info.plist */ = {isa = PBXFileReference; lastKnownFileType = text.plist.xml; path = Info.plist; sourceTree = "<group>"; };
		8021D63A1B54C049002ADF66 /* main.m */ = {isa = PBXFileReference; lastKnownFileType = sourcecode.c.objc; path = main.m; sourceTree = "<group>"; };
		8021D63C1B54C049002ADF66 /* AppDelegate.h */ = {isa = PBXFileReference; lastKnownFileType = sourcecode.c.h; path = AppDelegate.h; sourceTree = "<group>"; };
		8021D63D1B54C049002ADF66 /* AppDelegate.m */ = {isa = PBXFileReference; lastKnownFileType = sourcecode.c.objc; path = AppDelegate.m; sourceTree = "<group>"; };
		8021D63F1B54C049002ADF66 /* LoginViewController.h */ = {isa = PBXFileReference; lastKnownFileType = sourcecode.c.h; path = LoginViewController.h; sourceTree = "<group>"; };
		8021D6401B54C049002ADF66 /* LoginViewController.m */ = {isa = PBXFileReference; lastKnownFileType = sourcecode.c.objc; path = LoginViewController.m; sourceTree = "<group>"; };
		8021D6431B54C049002ADF66 /* Base */ = {isa = PBXFileReference; lastKnownFileType = file.storyboard; name = Base; path = Base.lproj/Main.storyboard; sourceTree = "<group>"; };
		8021D6451B54C049002ADF66 /* Images.xcassets */ = {isa = PBXFileReference; lastKnownFileType = folder.assetcatalog; path = Images.xcassets; sourceTree = "<group>"; };
		8021D6481B54C049002ADF66 /* Base */ = {isa = PBXFileReference; lastKnownFileType = file.xib; name = Base; path = Base.lproj/LaunchScreen.xib; sourceTree = "<group>"; };
		8021D64E1B54C049002ADF66 /* ForgetMeNot-Location-Based-RemindersTests.xctest */ = {isa = PBXFileReference; explicitFileType = wrapper.cfbundle; includeInIndex = 0; path = "ForgetMeNot-Location-Based-RemindersTests.xctest"; sourceTree = BUILT_PRODUCTS_DIR; };
		8021D6531B54C049002ADF66 /* Info.plist */ = {isa = PBXFileReference; lastKnownFileType = text.plist.xml; path = Info.plist; sourceTree = "<group>"; };
		8021D6541B54C049002ADF66 /* ForgetMeNot_Location_Based_RemindersTests.m */ = {isa = PBXFileReference; lastKnownFileType = sourcecode.c.objc; path = ForgetMeNot_Location_Based_RemindersTests.m; sourceTree = "<group>"; };
		8021D65F1B54C145002ADF66 /* Bolts.framework */ = {isa = PBXFileReference; lastKnownFileType = wrapper.framework; path = Bolts.framework; sourceTree = "<group>"; };
		8021D6611B54C14D002ADF66 /* Parse.framework */ = {isa = PBXFileReference; lastKnownFileType = wrapper.framework; path = Parse.framework; sourceTree = "<group>"; };
		8021D6631B54C173002ADF66 /* Accounts.framework */ = {isa = PBXFileReference; lastKnownFileType = wrapper.framework; name = Accounts.framework; path = System/Library/Frameworks/Accounts.framework; sourceTree = SDKROOT; };
		8021D6651B54C17B002ADF66 /* AudioToolbox.framework */ = {isa = PBXFileReference; lastKnownFileType = wrapper.framework; name = AudioToolbox.framework; path = System/Library/Frameworks/AudioToolbox.framework; sourceTree = SDKROOT; };
		8021D6671B54C185002ADF66 /* CFNetwork.framework */ = {isa = PBXFileReference; lastKnownFileType = wrapper.framework; name = CFNetwork.framework; path = System/Library/Frameworks/CFNetwork.framework; sourceTree = SDKROOT; };
		8021D6691B54C190002ADF66 /* CoreGraphics.framework */ = {isa = PBXFileReference; lastKnownFileType = wrapper.framework; name = CoreGraphics.framework; path = System/Library/Frameworks/CoreGraphics.framework; sourceTree = SDKROOT; };
		8021D66B1B54C19A002ADF66 /* CoreLocation.framework */ = {isa = PBXFileReference; lastKnownFileType = wrapper.framework; name = CoreLocation.framework; path = System/Library/Frameworks/CoreLocation.framework; sourceTree = SDKROOT; };
		8021D66D1B54C1A4002ADF66 /* MobileCoreServices.framework */ = {isa = PBXFileReference; lastKnownFileType = wrapper.framework; name = MobileCoreServices.framework; path = System/Library/Frameworks/MobileCoreServices.framework; sourceTree = SDKROOT; };
		8021D66F1B54C1B0002ADF66 /* QuartzCore.framework */ = {isa = PBXFileReference; lastKnownFileType = wrapper.framework; name = QuartzCore.framework; path = System/Library/Frameworks/QuartzCore.framework; sourceTree = SDKROOT; };
		8021D6711B54C1BA002ADF66 /* Security.framework */ = {isa = PBXFileReference; lastKnownFileType = wrapper.framework; name = Security.framework; path = System/Library/Frameworks/Security.framework; sourceTree = SDKROOT; };
		8021D6731B54C1C5002ADF66 /* Social.framework */ = {isa = PBXFileReference; lastKnownFileType = wrapper.framework; name = Social.framework; path = System/Library/Frameworks/Social.framework; sourceTree = SDKROOT; };
		8021D6751B54C1CC002ADF66 /* StoreKit.framework */ = {isa = PBXFileReference; lastKnownFileType = wrapper.framework; name = StoreKit.framework; path = System/Library/Frameworks/StoreKit.framework; sourceTree = SDKROOT; };
		8021D6771B54C1D4002ADF66 /* SystemConfiguration.framework */ = {isa = PBXFileReference; lastKnownFileType = wrapper.framework; name = SystemConfiguration.framework; path = System/Library/Frameworks/SystemConfiguration.framework; sourceTree = SDKROOT; };
		8021D6791B54C1E4002ADF66 /* libz.dylib */ = {isa = PBXFileReference; lastKnownFileType = "compiled.mach-o.dylib"; name = libz.dylib; path = usr/lib/libz.dylib; sourceTree = SDKROOT; };
		8021D67B1B54C1F3002ADF66 /* libsqlite3.dylib */ = {isa = PBXFileReference; lastKnownFileType = "compiled.mach-o.dylib"; name = libsqlite3.dylib; path = usr/lib/libsqlite3.dylib; sourceTree = SDKROOT; };
		8021D68D1B55F9CC002ADF66 /* PageContentViewController.h */ = {isa = PBXFileReference; fileEncoding = 4; lastKnownFileType = sourcecode.c.h; path = PageContentViewController.h; sourceTree = "<group>"; };
		8021D68E1B55F9CC002ADF66 /* PageContentViewController.m */ = {isa = PBXFileReference; fileEncoding = 4; lastKnownFileType = sourcecode.c.objc; path = PageContentViewController.m; sourceTree = "<group>"; };
		8021D6901B55FB00002ADF66 /* ViewController.h */ = {isa = PBXFileReference; fileEncoding = 4; lastKnownFileType = sourcecode.c.h; path = ViewController.h; sourceTree = "<group>"; };
		8021D6911B55FB00002ADF66 /* ViewController.m */ = {isa = PBXFileReference; fileEncoding = 4; lastKnownFileType = sourcecode.c.objc; path = ViewController.m; sourceTree = "<group>"; };
		8021D69B1B561F1D002ADF66 /* SignUpViewController.h */ = {isa = PBXFileReference; fileEncoding = 4; lastKnownFileType = sourcecode.c.h; path = SignUpViewController.h; sourceTree = "<group>"; };
		8021D69C1B561F1D002ADF66 /* SignUpViewController.m */ = {isa = PBXFileReference; fileEncoding = 4; lastKnownFileType = sourcecode.c.objc; path = SignUpViewController.m; sourceTree = "<group>"; };
		804D7D141B6D2A6600438CDF /* fMNCustomPin.m */ = {isa = PBXFileReference; fileEncoding = 4; lastKnownFileType = sourcecode.c.objc; path = fMNCustomPin.m; sourceTree = "<group>"; };
		804D7D151B6D2A6600438CDF /* fMNCustomPin.h */ = {isa = PBXFileReference; fileEncoding = 4; lastKnownFileType = sourcecode.c.h; path = fMNCustomPin.h; sourceTree = "<group>"; };
		808401961B5F30310072B978 /* VerifyEmailViewController.h */ = {isa = PBXFileReference; fileEncoding = 4; lastKnownFileType = sourcecode.c.h; path = VerifyEmailViewController.h; sourceTree = "<group>"; };
		808401971B5F30310072B978 /* VerifyEmailViewController.m */ = {isa = PBXFileReference; fileEncoding = 4; lastKnownFileType = sourcecode.c.objc; path = VerifyEmailViewController.m; sourceTree = "<group>"; };
		808401991B5F34170072B978 /* CoreLocation.framework */ = {isa = PBXFileReference; lastKnownFileType = wrapper.framework; path = CoreLocation.framework; sourceTree = "<group>"; };
		8084019A1B5F34170072B978 /* MapKit.framework */ = {isa = PBXFileReference; lastKnownFileType = wrapper.framework; path = MapKit.framework; sourceTree = "<group>"; };
		8084019E1B5F34C80072B978 /* MapViewController.h */ = {isa = PBXFileReference; fileEncoding = 4; lastKnownFileType = sourcecode.c.h; path = MapViewController.h; sourceTree = "<group>"; };
		8084019F1B5F34C80072B978 /* MapViewController.m */ = {isa = PBXFileReference; fileEncoding = 4; lastKnownFileType = sourcecode.c.objc; path = MapViewController.m; sourceTree = "<group>"; };
		808401A11B5F64BE0072B978 /* ResetPasswordViewController.h */ = {isa = PBXFileReference; fileEncoding = 4; lastKnownFileType = sourcecode.c.h; path = ResetPasswordViewController.h; sourceTree = "<group>"; };
		808401A21B5F64BE0072B978 /* ResetPasswordViewController.m */ = {isa = PBXFileReference; fileEncoding = 4; lastKnownFileType = sourcecode.c.objc; path = ResetPasswordViewController.m; sourceTree = "<group>"; };
		808401A81B5F7C110072B978 /* CurrentRemindersTableViewController.h */ = {isa = PBXFileReference; fileEncoding = 4; lastKnownFileType = sourcecode.c.h; path = CurrentRemindersTableViewController.h; sourceTree = "<group>"; };
		808401A91B5F7C110072B978 /* CurrentRemindersTableViewController.m */ = {isa = PBXFileReference; fileEncoding = 4; lastKnownFileType = sourcecode.c.objc; path = CurrentRemindersTableViewController.m; sourceTree = "<group>"; };
		808401BA1B691BC90072B978 /* Reminder.h */ = {isa = PBXFileReference; fileEncoding = 4; lastKnownFileType = sourcecode.c.h; path = Reminder.h; sourceTree = "<group>"; };
		808401BB1B691BC90072B978 /* Reminder.m */ = {isa = PBXFileReference; fileEncoding = 4; lastKnownFileType = sourcecode.c.objc; path = Reminder.m; sourceTree = "<group>"; };
		808401BD1B691C470072B978 /* SetUserInRadiusReminderViewController.h */ = {isa = PBXFileReference; fileEncoding = 4; lastKnownFileType = sourcecode.c.h; path = SetUserInRadiusReminderViewController.h; sourceTree = "<group>"; };
		808401BE1B691C470072B978 /* SetUserInRadiusReminderViewController.m */ = {isa = PBXFileReference; fileEncoding = 4; lastKnownFileType = sourcecode.c.objc; path = SetUserInRadiusReminderViewController.m; sourceTree = "<group>"; };
		808401C01B6925A30072B978 /* SetUserOutsideRadiusReminderViewController.h */ = {isa = PBXFileReference; fileEncoding = 4; lastKnownFileType = sourcecode.c.h; path = SetUserOutsideRadiusReminderViewController.h; sourceTree = "<group>"; };
		808401C11B6925A30072B978 /* SetUserOutsideRadiusReminderViewController.m */ = {isa = PBXFileReference; fileEncoding = 4; lastKnownFileType = sourcecode.c.objc; path = SetUserOutsideRadiusReminderViewController.m; sourceTree = "<group>"; };
/* End PBXFileReference section */

/* Begin PBXFrameworksBuildPhase section */
		8021D6321B54C049002ADF66 /* Frameworks */ = {
			isa = PBXFrameworksBuildPhase;
			buildActionMask = 2147483647;
			files = (
				8021D67C1B54C1F3002ADF66 /* libsqlite3.dylib in Frameworks */,
				8021D67A1B54C1E4002ADF66 /* libz.dylib in Frameworks */,
				8021D6781B54C1D4002ADF66 /* SystemConfiguration.framework in Frameworks */,
				8021D6761B54C1CC002ADF66 /* StoreKit.framework in Frameworks */,
				8084019B1B5F34170072B978 /* CoreLocation.framework in Frameworks */,
				8021D6741B54C1C5002ADF66 /* Social.framework in Frameworks */,
				8021D6721B54C1BA002ADF66 /* Security.framework in Frameworks */,
				8021D6701B54C1B0002ADF66 /* QuartzCore.framework in Frameworks */,
				8021D66E1B54C1A4002ADF66 /* MobileCoreServices.framework in Frameworks */,
				8084019C1B5F34170072B978 /* MapKit.framework in Frameworks */,
				8021D66C1B54C19A002ADF66 /* CoreLocation.framework in Frameworks */,
				8021D66A1B54C190002ADF66 /* CoreGraphics.framework in Frameworks */,
				8021D6681B54C185002ADF66 /* CFNetwork.framework in Frameworks */,
				8021D6661B54C17B002ADF66 /* AudioToolbox.framework in Frameworks */,
				8021D6641B54C173002ADF66 /* Accounts.framework in Frameworks */,
				8021D6621B54C14D002ADF66 /* Parse.framework in Frameworks */,
				8021D6601B54C145002ADF66 /* Bolts.framework in Frameworks */,
			);
			runOnlyForDeploymentPostprocessing = 0;
		};
		8021D64B1B54C049002ADF66 /* Frameworks */ = {
			isa = PBXFrameworksBuildPhase;
			buildActionMask = 2147483647;
			files = (
			);
			runOnlyForDeploymentPostprocessing = 0;
		};
/* End PBXFrameworksBuildPhase section */

/* Begin PBXGroup section */
		8021D62C1B54C048002ADF66 = {
			isa = PBXGroup;
			children = (
				8021D6371B54C049002ADF66 /* ForgetMeNot-Location-Based-Reminders */,
				8021D6511B54C049002ADF66 /* ForgetMeNot-Location-Based-RemindersTests */,
				8021D65E1B54C133002ADF66 /* Frameworks */,
				8021D6361B54C049002ADF66 /* Products */,
			);
			sourceTree = "<group>";
		};
		8021D6361B54C049002ADF66 /* Products */ = {
			isa = PBXGroup;
			children = (
				8021D6351B54C049002ADF66 /* ForgetMeNot-Location-Based-Reminders.app */,
				8021D64E1B54C049002ADF66 /* ForgetMeNot-Location-Based-RemindersTests.xctest */,
			);
			name = Products;
			sourceTree = "<group>";
		};
		8021D6371B54C049002ADF66 /* ForgetMeNot-Location-Based-Reminders */ = {
			isa = PBXGroup;
			children = (
				8021D68B1B54D8FB002ADF66 /* Model */,
				8021D68A1B54D8EB002ADF66 /* Controller */,
				8021D63C1B54C049002ADF66 /* AppDelegate.h */,
				8021D63D1B54C049002ADF66 /* AppDelegate.m */,
				8021D6421B54C049002ADF66 /* Main.storyboard */,
				8021D6451B54C049002ADF66 /* Images.xcassets */,
				8021D6471B54C049002ADF66 /* LaunchScreen.xib */,
				8021D6381B54C049002ADF66 /* Supporting Files */,
			);
			path = "ForgetMeNot-Location-Based-Reminders";
			sourceTree = "<group>";
		};
		8021D6381B54C049002ADF66 /* Supporting Files */ = {
			isa = PBXGroup;
			children = (
				8021D6391B54C049002ADF66 /* Info.plist */,
				8021D63A1B54C049002ADF66 /* main.m */,
			);
			name = "Supporting Files";
			sourceTree = "<group>";
		};
		8021D6511B54C049002ADF66 /* ForgetMeNot-Location-Based-RemindersTests */ = {
			isa = PBXGroup;
			children = (
				8021D6541B54C049002ADF66 /* ForgetMeNot_Location_Based_RemindersTests.m */,
				8021D6521B54C049002ADF66 /* Supporting Files */,
			);
			path = "ForgetMeNot-Location-Based-RemindersTests";
			sourceTree = "<group>";
		};
		8021D6521B54C049002ADF66 /* Supporting Files */ = {
			isa = PBXGroup;
			children = (
				8021D6531B54C049002ADF66 /* Info.plist */,
			);
			name = "Supporting Files";
			sourceTree = "<group>";
		};
		8021D65E1B54C133002ADF66 /* Frameworks */ = {
			isa = PBXGroup;
			children = (
				808401991B5F34170072B978 /* CoreLocation.framework */,
				8084019A1B5F34170072B978 /* MapKit.framework */,
				8021D67B1B54C1F3002ADF66 /* libsqlite3.dylib */,
				8021D6791B54C1E4002ADF66 /* libz.dylib */,
				8021D6771B54C1D4002ADF66 /* SystemConfiguration.framework */,
				8021D6751B54C1CC002ADF66 /* StoreKit.framework */,
				8021D6731B54C1C5002ADF66 /* Social.framework */,
				8021D6711B54C1BA002ADF66 /* Security.framework */,
				8021D66F1B54C1B0002ADF66 /* QuartzCore.framework */,
				8021D66D1B54C1A4002ADF66 /* MobileCoreServices.framework */,
				8021D66B1B54C19A002ADF66 /* CoreLocation.framework */,
				8021D6691B54C190002ADF66 /* CoreGraphics.framework */,
				8021D6671B54C185002ADF66 /* CFNetwork.framework */,
				8021D6651B54C17B002ADF66 /* AudioToolbox.framework */,
				8021D6631B54C173002ADF66 /* Accounts.framework */,
				8021D6611B54C14D002ADF66 /* Parse.framework */,
				8021D65F1B54C145002ADF66 /* Bolts.framework */,
			);
			name = Frameworks;
			sourceTree = "<group>";
		};
		8021D67D1B54C3EB002ADF66 /* User Login */ = {
			isa = PBXGroup;
			children = (
				8021D63F1B54C049002ADF66 /* LoginViewController.h */,
				8021D6401B54C049002ADF66 /* LoginViewController.m */,
				8021D69B1B561F1D002ADF66 /* SignUpViewController.h */,
				8021D69C1B561F1D002ADF66 /* SignUpViewController.m */,
				808401961B5F30310072B978 /* VerifyEmailViewController.h */,
				808401971B5F30310072B978 /* VerifyEmailViewController.m */,
				808401A11B5F64BE0072B978 /* ResetPasswordViewController.h */,
				808401A21B5F64BE0072B978 /* ResetPasswordViewController.m */,
			);
			name = "User Login";
			sourceTree = "<group>";
		};
		8021D68A1B54D8EB002ADF66 /* Controller */ = {
			isa = PBXGroup;
			children = (
				8021D68C1B55F980002ADF66 /* Welcome Pages */,
				8021D67D1B54C3EB002ADF66 /* User Login */,
				8084019D1B5F34920072B978 /* Reminders */,
			);
			name = Controller;
			sourceTree = "<group>";
		};
		8021D68B1B54D8FB002ADF66 /* Model */ = {
			isa = PBXGroup;
			children = (
				808401BA1B691BC90072B978 /* Reminder.h */,
				808401BB1B691BC90072B978 /* Reminder.m */,
				804D7D151B6D2A6600438CDF /* fMNCustomPin.h */,
				804D7D141B6D2A6600438CDF /* fMNCustomPin.m */,
			);
			name = Model;
			sourceTree = "<group>";
		};
		8021D68C1B55F980002ADF66 /* Welcome Pages */ = {
			isa = PBXGroup;
			children = (
				8021D6901B55FB00002ADF66 /* ViewController.h */,
				8021D6911B55FB00002ADF66 /* ViewController.m */,
				8021D68D1B55F9CC002ADF66 /* PageContentViewController.h */,
				8021D68E1B55F9CC002ADF66 /* PageContentViewController.m */,
			);
			name = "Welcome Pages";
			sourceTree = "<group>";
		};
		8084019D1B5F34920072B978 /* Reminders */ = {
			isa = PBXGroup;
			children = (
				8084019E1B5F34C80072B978 /* MapViewController.h */,
				8084019F1B5F34C80072B978 /* MapViewController.m */,
				808401A81B5F7C110072B978 /* CurrentRemindersTableViewController.h */,
				808401A91B5F7C110072B978 /* CurrentRemindersTableViewController.m */,
				808401BD1B691C470072B978 /* SetUserInRadiusReminderViewController.h */,
				808401BE1B691C470072B978 /* SetUserInRadiusReminderViewController.m */,
				808401C01B6925A30072B978 /* SetUserOutsideRadiusReminderViewController.h */,
				808401C11B6925A30072B978 /* SetUserOutsideRadiusReminderViewController.m */,
			);
			name = Reminders;
			sourceTree = "<group>";
		};
/* End PBXGroup section */

/* Begin PBXNativeTarget section */
		8021D6341B54C049002ADF66 /* ForgetMeNot-Location-Based-Reminders */ = {
			isa = PBXNativeTarget;
			buildConfigurationList = 8021D6581B54C049002ADF66 /* Build configuration list for PBXNativeTarget "ForgetMeNot-Location-Based-Reminders" */;
			buildPhases = (
				8021D6311B54C049002ADF66 /* Sources */,
				8021D6321B54C049002ADF66 /* Frameworks */,
				8021D6331B54C049002ADF66 /* Resources */,
			);
			buildRules = (
			);
			dependencies = (
			);
			name = "ForgetMeNot-Location-Based-Reminders";
			productName = "ForgetMeNot-Location-Based-Reminders";
			productReference = 8021D6351B54C049002ADF66 /* ForgetMeNot-Location-Based-Reminders.app */;
			productType = "com.apple.product-type.application";
		};
		8021D64D1B54C049002ADF66 /* ForgetMeNot-Location-Based-RemindersTests */ = {
			isa = PBXNativeTarget;
			buildConfigurationList = 8021D65B1B54C049002ADF66 /* Build configuration list for PBXNativeTarget "ForgetMeNot-Location-Based-RemindersTests" */;
			buildPhases = (
				8021D64A1B54C049002ADF66 /* Sources */,
				8021D64B1B54C049002ADF66 /* Frameworks */,
				8021D64C1B54C049002ADF66 /* Resources */,
			);
			buildRules = (
			);
			dependencies = (
				8021D6501B54C049002ADF66 /* PBXTargetDependency */,
			);
			name = "ForgetMeNot-Location-Based-RemindersTests";
			productName = "ForgetMeNot-Location-Based-RemindersTests";
			productReference = 8021D64E1B54C049002ADF66 /* ForgetMeNot-Location-Based-RemindersTests.xctest */;
			productType = "com.apple.product-type.bundle.unit-test";
		};
/* End PBXNativeTarget section */

/* Begin PBXProject section */
		8021D62D1B54C048002ADF66 /* Project object */ = {
			isa = PBXProject;
			attributes = {
				LastUpgradeCheck = 0640;
				ORGANIZATIONNAME = "Lukas Carvajal";
				TargetAttributes = {
					8021D6341B54C049002ADF66 = {
						CreatedOnToolsVersion = 6.4;
					};
					8021D64D1B54C049002ADF66 = {
						CreatedOnToolsVersion = 6.4;
						TestTargetID = 8021D6341B54C049002ADF66;
					};
				};
			};
			buildConfigurationList = 8021D6301B54C048002ADF66 /* Build configuration list for PBXProject "ForgetMeNot-Location-Based-Reminders" */;
			compatibilityVersion = "Xcode 3.2";
			developmentRegion = English;
			hasScannedForEncodings = 0;
			knownRegions = (
				en,
				Base,
			);
			mainGroup = 8021D62C1B54C048002ADF66;
			productRefGroup = 8021D6361B54C049002ADF66 /* Products */;
			projectDirPath = "";
			projectRoot = "";
			targets = (
				8021D6341B54C049002ADF66 /* ForgetMeNot-Location-Based-Reminders */,
				8021D64D1B54C049002ADF66 /* ForgetMeNot-Location-Based-RemindersTests */,
			);
		};
/* End PBXProject section */

/* Begin PBXResourcesBuildPhase section */
		8021D6331B54C049002ADF66 /* Resources */ = {
			isa = PBXResourcesBuildPhase;
			buildActionMask = 2147483647;
			files = (
				8021D6441B54C049002ADF66 /* Main.storyboard in Resources */,
				8021D6491B54C049002ADF66 /* LaunchScreen.xib in Resources */,
				8021D6461B54C049002ADF66 /* Images.xcassets in Resources */,
			);
			runOnlyForDeploymentPostprocessing = 0;
		};
		8021D64C1B54C049002ADF66 /* Resources */ = {
			isa = PBXResourcesBuildPhase;
			buildActionMask = 2147483647;
			files = (
			);
			runOnlyForDeploymentPostprocessing = 0;
		};
/* End PBXResourcesBuildPhase section */

/* Begin PBXSourcesBuildPhase section */
		8021D6311B54C049002ADF66 /* Sources */ = {
			isa = PBXSourcesBuildPhase;
			buildActionMask = 2147483647;
			files = (
				8021D6411B54C049002ADF66 /* LoginViewController.m in Sources */,
				808401BF1B691C470072B978 /* SetUserInRadiusReminderViewController.m in Sources */,
				804D7D161B6D2A6600438CDF /* fMNCustomPin.m in Sources */,
				8021D68F1B55F9CC002ADF66 /* PageContentViewController.m in Sources */,
				8021D69D1B561F1D002ADF66 /* SignUpViewController.m in Sources */,
				808401A01B5F34C80072B978 /* MapViewController.m in Sources */,
				8021D63E1B54C049002ADF66 /* AppDelegate.m in Sources */,
				808401981B5F30310072B978 /* VerifyEmailViewController.m in Sources */,
				808401C21B6925A30072B978 /* SetUserOutsideRadiusReminderViewController.m in Sources */,
				808401BC1B691BC90072B978 /* Reminder.m in Sources */,
				8021D63B1B54C049002ADF66 /* main.m in Sources */,
				8021D6921B55FB00002ADF66 /* ViewController.m in Sources */,
				808401A31B5F64BE0072B978 /* ResetPasswordViewController.m in Sources */,
				808401AA1B5F7C110072B978 /* CurrentRemindersTableViewController.m in Sources */,
			);
			runOnlyForDeploymentPostprocessing = 0;
		};
		8021D64A1B54C049002ADF66 /* Sources */ = {
			isa = PBXSourcesBuildPhase;
			buildActionMask = 2147483647;
			files = (
				8021D6551B54C049002ADF66 /* ForgetMeNot_Location_Based_RemindersTests.m in Sources */,
			);
			runOnlyForDeploymentPostprocessing = 0;
		};
/* End PBXSourcesBuildPhase section */

/* Begin PBXTargetDependency section */
		8021D6501B54C049002ADF66 /* PBXTargetDependency */ = {
			isa = PBXTargetDependency;
			target = 8021D6341B54C049002ADF66 /* ForgetMeNot-Location-Based-Reminders */;
			targetProxy = 8021D64F1B54C049002ADF66 /* PBXContainerItemProxy */;
		};
/* End PBXTargetDependency section */

/* Begin PBXVariantGroup section */
		8021D6421B54C049002ADF66 /* Main.storyboard */ = {
			isa = PBXVariantGroup;
			children = (
				8021D6431B54C049002ADF66 /* Base */,
			);
			name = Main.storyboard;
			sourceTree = "<group>";
		};
		8021D6471B54C049002ADF66 /* LaunchScreen.xib */ = {
			isa = PBXVariantGroup;
			children = (
				8021D6481B54C049002ADF66 /* Base */,
			);
			name = LaunchScreen.xib;
			sourceTree = "<group>";
		};
/* End PBXVariantGroup section */

/* Begin XCBuildConfiguration section */
		8021D6561B54C049002ADF66 /* Debug */ = {
			isa = XCBuildConfiguration;
			buildSettings = {
				ALWAYS_SEARCH_USER_PATHS = NO;
				CLANG_CXX_LANGUAGE_STANDARD = "gnu++0x";
				CLANG_CXX_LIBRARY = "libc++";
				CLANG_ENABLE_MODULES = YES;
				CLANG_ENABLE_OBJC_ARC = YES;
				CLANG_WARN_BOOL_CONVERSION = YES;
				CLANG_WARN_CONSTANT_CONVERSION = YES;
				CLANG_WARN_DIRECT_OBJC_ISA_USAGE = YES_ERROR;
				CLANG_WARN_EMPTY_BODY = YES;
				CLANG_WARN_ENUM_CONVERSION = YES;
				CLANG_WARN_INT_CONVERSION = YES;
				CLANG_WARN_OBJC_ROOT_CLASS = YES_ERROR;
				CLANG_WARN_UNREACHABLE_CODE = YES;
				CLANG_WARN__DUPLICATE_METHOD_MATCH = YES;
				"CODE_SIGN_IDENTITY[sdk=iphoneos*]" = "iPhone Developer";
				COPY_PHASE_STRIP = NO;
				DEBUG_INFORMATION_FORMAT = "dwarf-with-dsym";
				ENABLE_STRICT_OBJC_MSGSEND = YES;
				GCC_C_LANGUAGE_STANDARD = gnu99;
				GCC_DYNAMIC_NO_PIC = NO;
				GCC_NO_COMMON_BLOCKS = YES;
				GCC_OPTIMIZATION_LEVEL = 0;
				GCC_PREPROCESSOR_DEFINITIONS = (
					"DEBUG=1",
					"$(inherited)",
				);
				GCC_SYMBOLS_PRIVATE_EXTERN = NO;
				GCC_WARN_64_TO_32_BIT_CONVERSION = YES;
				GCC_WARN_ABOUT_RETURN_TYPE = YES_ERROR;
				GCC_WARN_UNDECLARED_SELECTOR = YES;
				GCC_WARN_UNINITIALIZED_AUTOS = YES_AGGRESSIVE;
				GCC_WARN_UNUSED_FUNCTION = YES;
				GCC_WARN_UNUSED_VARIABLE = YES;
				IPHONEOS_DEPLOYMENT_TARGET = 8.4;
				MTL_ENABLE_DEBUG_INFO = YES;
				ONLY_ACTIVE_ARCH = YES;
				SDKROOT = iphoneos;
			};
			name = Debug;
		};
		8021D6571B54C049002ADF66 /* Release */ = {
			isa = XCBuildConfiguration;
			buildSettings = {
				ALWAYS_SEARCH_USER_PATHS = NO;
				CLANG_CXX_LANGUAGE_STANDARD = "gnu++0x";
				CLANG_CXX_LIBRARY = "libc++";
				CLANG_ENABLE_MODULES = YES;
				CLANG_ENABLE_OBJC_ARC = YES;
				CLANG_WARN_BOOL_CONVERSION = YES;
				CLANG_WARN_CONSTANT_CONVERSION = YES;
				CLANG_WARN_DIRECT_OBJC_ISA_USAGE = YES_ERROR;
				CLANG_WARN_EMPTY_BODY = YES;
				CLANG_WARN_ENUM_CONVERSION = YES;
				CLANG_WARN_INT_CONVERSION = YES;
				CLANG_WARN_OBJC_ROOT_CLASS = YES_ERROR;
				CLANG_WARN_UNREACHABLE_CODE = YES;
				CLANG_WARN__DUPLICATE_METHOD_MATCH = YES;
				"CODE_SIGN_IDENTITY[sdk=iphoneos*]" = "iPhone Developer";
				COPY_PHASE_STRIP = NO;
				DEBUG_INFORMATION_FORMAT = "dwarf-with-dsym";
				ENABLE_NS_ASSERTIONS = NO;
				ENABLE_STRICT_OBJC_MSGSEND = YES;
				GCC_C_LANGUAGE_STANDARD = gnu99;
				GCC_NO_COMMON_BLOCKS = YES;
				GCC_WARN_64_TO_32_BIT_CONVERSION = YES;
				GCC_WARN_ABOUT_RETURN_TYPE = YES_ERROR;
				GCC_WARN_UNDECLARED_SELECTOR = YES;
				GCC_WARN_UNINITIALIZED_AUTOS = YES_AGGRESSIVE;
				GCC_WARN_UNUSED_FUNCTION = YES;
				GCC_WARN_UNUSED_VARIABLE = YES;
				IPHONEOS_DEPLOYMENT_TARGET = 8.4;
				MTL_ENABLE_DEBUG_INFO = NO;
				SDKROOT = iphoneos;
				VALIDATE_PRODUCT = YES;
			};
			name = Release;
		};
		8021D6591B54C049002ADF66 /* Debug */ = {
			isa = XCBuildConfiguration;
			buildSettings = {
				ASSETCATALOG_COMPILER_APPICON_NAME = AppIcon;
				CLANG_ALLOW_NON_MODULAR_INCLUDES_IN_FRAMEWORK_MODULES = YES;
				CLANG_ENABLE_MODULES = YES;
				FRAMEWORK_SEARCH_PATHS = (
					"$(inherited)",
					"$(PROJECT_DIR)",
				);
				INFOPLIST_FILE = "ForgetMeNot-Location-Based-Reminders/Info.plist";
				IPHONEOS_DEPLOYMENT_TARGET = 8.2;
				LD_RUNPATH_SEARCH_PATHS = "$(inherited) @executable_path/Frameworks";
				PRODUCT_NAME = "$(TARGET_NAME)";
			};
			name = Debug;
		};
		8021D65A1B54C049002ADF66 /* Release */ = {
			isa = XCBuildConfiguration;
			buildSettings = {
				ASSETCATALOG_COMPILER_APPICON_NAME = AppIcon;
				CLANG_ALLOW_NON_MODULAR_INCLUDES_IN_FRAMEWORK_MODULES = YES;
				CLANG_ENABLE_MODULES = YES;
				FRAMEWORK_SEARCH_PATHS = (
					"$(inherited)",
					"$(PROJECT_DIR)",
				);
				INFOPLIST_FILE = "ForgetMeNot-Location-Based-Reminders/Info.plist";
				IPHONEOS_DEPLOYMENT_TARGET = 8.2;
				LD_RUNPATH_SEARCH_PATHS = "$(inherited) @executable_path/Frameworks";
				PRODUCT_NAME = "$(TARGET_NAME)";
			};
			name = Release;
		};
		8021D65C1B54C049002ADF66 /* Debug */ = {
			isa = XCBuildConfiguration;
			buildSettings = {
				BUNDLE_LOADER = "$(TEST_HOST)";
				FRAMEWORK_SEARCH_PATHS = (
					"$(SDKROOT)/Developer/Library/Frameworks",
					"$(inherited)",
				);
				GCC_PREPROCESSOR_DEFINITIONS = (
					"DEBUG=1",
					"$(inherited)",
				);
				INFOPLIST_FILE = "ForgetMeNot-Location-Based-RemindersTests/Info.plist";
				LD_RUNPATH_SEARCH_PATHS = "$(inherited) @executable_path/Frameworks @loader_path/Frameworks";
				PRODUCT_NAME = "$(TARGET_NAME)";
				TEST_HOST = "$(BUILT_PRODUCTS_DIR)/ForgetMeNot-Location-Based-Reminders.app/ForgetMeNot-Location-Based-Reminders";
			};
			name = Debug;
		};
		8021D65D1B54C049002ADF66 /* Release */ = {
			isa = XCBuildConfiguration;
			buildSettings = {
				BUNDLE_LOADER = "$(TEST_HOST)";
				FRAMEWORK_SEARCH_PATHS = (
					"$(SDKROOT)/Developer/Library/Frameworks",
					"$(inherited)",
				);
				INFOPLIST_FILE = "ForgetMeNot-Location-Based-RemindersTests/Info.plist";
				LD_RUNPATH_SEARCH_PATHS = "$(inherited) @executable_path/Frameworks @loader_path/Frameworks";
				PRODUCT_NAME = "$(TARGET_NAME)";
				TEST_HOST = "$(BUILT_PRODUCTS_DIR)/ForgetMeNot-Location-Based-Reminders.app/ForgetMeNot-Location-Based-Reminders";
			};
			name = Release;
		};
/* End XCBuildConfiguration section */

/* Begin XCConfigurationList section */
		8021D6301B54C048002ADF66 /* Build configuration list for PBXProject "ForgetMeNot-Location-Based-Reminders" */ = {
			isa = XCConfigurationList;
			buildConfigurations = (
				8021D6561B54C049002ADF66 /* Debug */,
				8021D6571B54C049002ADF66 /* Release */,
			);
			defaultConfigurationIsVisible = 0;
			defaultConfigurationName = Release;
		};
		8021D6581B54C049002ADF66 /* Build configuration list for PBXNativeTarget "ForgetMeNot-Location-Based-Reminders" */ = {
			isa = XCConfigurationList;
			buildConfigurations = (
				8021D6591B54C049002ADF66 /* Debug */,
				8021D65A1B54C049002ADF66 /* Release */,
			);
			defaultConfigurationIsVisible = 0;
			defaultConfigurationName = Release;
		};
		8021D65B1B54C049002ADF66 /* Build configuration list for PBXNativeTarget "ForgetMeNot-Location-Based-RemindersTests" */ = {
			isa = XCConfigurationList;
			buildConfigurations = (
				8021D65C1B54C049002ADF66 /* Debug */,
				8021D65D1B54C049002ADF66 /* Release */,
			);
			defaultConfigurationIsVisible = 0;
			defaultConfigurationName = Release;
		};
/* End XCConfigurationList section */
	};
	rootObject = 8021D62D1B54C048002ADF66 /* Project object */;
}
